// !$*UTF8*$!
{
	archiveVersion = 1;
	classes = {
	};
	objectVersion = 51;
	objects = {

/* Begin PBXBuildFile section */
		0728FE9624712995009305D3 /* RegisteredAccountsView.storyboard in Resources */ = {isa = PBXBuildFile; fileRef = 0728FE9524712995009305D3 /* RegisteredAccountsView.storyboard */; };
		0728FE982471349B009305D3 /* RegisteredAccounts.swift in Sources */ = {isa = PBXBuildFile; fileRef = 0728FE972471349B009305D3 /* RegisteredAccounts.swift */; };
		0728FE9A2478659E009305D3 /* GoogleService-Info.plist in Resources */ = {isa = PBXBuildFile; fileRef = 0728FE992478659D009305D3 /* GoogleService-Info.plist */; };
		40BFAB872465D7C200093BED /* AppDelegate.swift in Sources */ = {isa = PBXBuildFile; fileRef = 40BFAB862465D7C200093BED /* AppDelegate.swift */; };
		40BFAB892465D7C200093BED /* SceneDelegate.swift in Sources */ = {isa = PBXBuildFile; fileRef = 40BFAB882465D7C200093BED /* SceneDelegate.swift */; };
		40BFAB8B2465D7C200093BED /* ViewController.swift in Sources */ = {isa = PBXBuildFile; fileRef = 40BFAB8A2465D7C200093BED /* ViewController.swift */; };
		40BFAB8E2465D7C200093BED /* Main.storyboard in Resources */ = {isa = PBXBuildFile; fileRef = 40BFAB8C2465D7C200093BED /* Main.storyboard */; };
		40BFAB902465D7C400093BED /* Assets.xcassets in Resources */ = {isa = PBXBuildFile; fileRef = 40BFAB8F2465D7C400093BED /* Assets.xcassets */; };
		40BFAB932465D7C400093BED /* LaunchScreen.storyboard in Resources */ = {isa = PBXBuildFile; fileRef = 40BFAB912465D7C400093BED /* LaunchScreen.storyboard */; };
		5B393524C29624184AF3ABA5 /* Pods_PasswordManager.framework in Frameworks */ = {isa = PBXBuildFile; fileRef = F9E5978FD417F3709C685BC7 /* Pods_PasswordManager.framework */; };
/* End PBXBuildFile section */

/* Begin PBXFileReference section */
		0728FE9524712995009305D3 /* RegisteredAccountsView.storyboard */ = {isa = PBXFileReference; lastKnownFileType = file.storyboard; path = RegisteredAccountsView.storyboard; sourceTree = "<group>"; };
		0728FE972471349B009305D3 /* RegisteredAccounts.swift */ = {isa = PBXFileReference; lastKnownFileType = sourcecode.swift; path = RegisteredAccounts.swift; sourceTree = "<group>"; };
		0728FE992478659D009305D3 /* GoogleService-Info.plist */ = {isa = PBXFileReference; fileEncoding = 4; lastKnownFileType = text.plist.xml; name = "GoogleService-Info.plist"; path = "../GoogleService-Info.plist"; sourceTree = SOURCE_ROOT; };
		25B62593183B43C73DD85AD0 /* Pods-PasswordManager.debug.xcconfig */ = {isa = PBXFileReference; includeInIndex = 1; lastKnownFileType = text.xcconfig; name = "Pods-PasswordManager.debug.xcconfig"; path = "Target Support Files/Pods-PasswordManager/Pods-PasswordManager.debug.xcconfig"; sourceTree = "<group>"; };
		40BFAB832465D7C200093BED /* PasswordManager.app */ = {isa = PBXFileReference; explicitFileType = wrapper.application; includeInIndex = 0; path = PasswordManager.app; sourceTree = BUILT_PRODUCTS_DIR; };
		40BFAB862465D7C200093BED /* AppDelegate.swift */ = {isa = PBXFileReference; lastKnownFileType = sourcecode.swift; path = AppDelegate.swift; sourceTree = "<group>"; };
		40BFAB882465D7C200093BED /* SceneDelegate.swift */ = {isa = PBXFileReference; lastKnownFileType = sourcecode.swift; path = SceneDelegate.swift; sourceTree = "<group>"; };
		40BFAB8A2465D7C200093BED /* ViewController.swift */ = {isa = PBXFileReference; lastKnownFileType = sourcecode.swift; path = ViewController.swift; sourceTree = "<group>"; };
		40BFAB8D2465D7C200093BED /* Base */ = {isa = PBXFileReference; lastKnownFileType = file.storyboard; name = Base; path = Base.lproj/Main.storyboard; sourceTree = "<group>"; };
		40BFAB8F2465D7C400093BED /* Assets.xcassets */ = {isa = PBXFileReference; lastKnownFileType = folder.assetcatalog; path = Assets.xcassets; sourceTree = "<group>"; };
		40BFAB922465D7C400093BED /* Base */ = {isa = PBXFileReference; lastKnownFileType = file.storyboard; name = Base; path = Base.lproj/LaunchScreen.storyboard; sourceTree = "<group>"; };
		40BFAB942465D7C400093BED /* Info.plist */ = {isa = PBXFileReference; lastKnownFileType = text.plist.xml; path = Info.plist; sourceTree = "<group>"; };
		A1DBBC36F470F68E6488E371 /* Pods-PasswordManager.release.xcconfig */ = {isa = PBXFileReference; includeInIndex = 1; lastKnownFileType = text.xcconfig; name = "Pods-PasswordManager.release.xcconfig"; path = "Target Support Files/Pods-PasswordManager/Pods-PasswordManager.release.xcconfig"; sourceTree = "<group>"; };
		F9E5978FD417F3709C685BC7 /* Pods_PasswordManager.framework */ = {isa = PBXFileReference; explicitFileType = wrapper.framework; includeInIndex = 0; path = Pods_PasswordManager.framework; sourceTree = BUILT_PRODUCTS_DIR; };
/* End PBXFileReference section */

/* Begin PBXFrameworksBuildPhase section */
		40BFAB802465D7C200093BED /* Frameworks */ = {
			isa = PBXFrameworksBuildPhase;
			buildActionMask = 2147483647;
			files = (
				5B393524C29624184AF3ABA5 /* Pods_PasswordManager.framework in Frameworks */,
			);
			runOnlyForDeploymentPostprocessing = 0;
		};
/* End PBXFrameworksBuildPhase section */

/* Begin PBXGroup section */
		0FFB22A7E7B3FC4B79B2E5E0 /* Pods */ = {
			isa = PBXGroup;
			children = (
				25B62593183B43C73DD85AD0 /* Pods-PasswordManager.debug.xcconfig */,
				A1DBBC36F470F68E6488E371 /* Pods-PasswordManager.release.xcconfig */,
			);
			path = Pods;
			sourceTree = "<group>";
		};
		1A06180974B14390E42C6F44 /* Frameworks */ = {
			isa = PBXGroup;
			children = (
				F9E5978FD417F3709C685BC7 /* Pods_PasswordManager.framework */,
			);
			name = Frameworks;
			sourceTree = "<group>";
		};
		40BFAB7A2465D7C200093BED = {
			isa = PBXGroup;
			children = (
				40BFAB852465D7C200093BED /* PasswordManager */,
				40BFAB842465D7C200093BED /* Products */,
				0FFB22A7E7B3FC4B79B2E5E0 /* Pods */,
				1A06180974B14390E42C6F44 /* Frameworks */,
			);
			sourceTree = "<group>";
		};
		40BFAB842465D7C200093BED /* Products */ = {
			isa = PBXGroup;
			children = (
				40BFAB832465D7C200093BED /* PasswordManager.app */,
			);
			name = Products;
			sourceTree = "<group>";
		};
		40BFAB852465D7C200093BED /* PasswordManager */ = {
			isa = PBXGroup;
			children = (
				40BFAB862465D7C200093BED /* AppDelegate.swift */,
				40BFAB882465D7C200093BED /* SceneDelegate.swift */,
				40BFAB8A2465D7C200093BED /* ViewController.swift */,
				0728FE992478659D009305D3 /* GoogleService-Info.plist */,
				40BFAB8C2465D7C200093BED /* Main.storyboard */,
				0728FE9524712995009305D3 /* RegisteredAccountsView.storyboard */,
				0728FE972471349B009305D3 /* RegisteredAccounts.swift */,
				40BFAB8F2465D7C400093BED /* Assets.xcassets */,
				40BFAB912465D7C400093BED /* LaunchScreen.storyboard */,
				40BFAB942465D7C400093BED /* Info.plist */,
			);
			path = PasswordManager;
			sourceTree = "<group>";
		};
/* End PBXGroup section */

/* Begin PBXNativeTarget section */
		40BFAB822465D7C200093BED /* PasswordManager */ = {
			isa = PBXNativeTarget;
			buildConfigurationList = 40BFAB972465D7C400093BED /* Build configuration list for PBXNativeTarget "PasswordManager" */;
			buildPhases = (
				74674D7045FD07F35476F880 /* [CP] Check Pods Manifest.lock */,
				40BFAB7F2465D7C200093BED /* Sources */,
				40BFAB802465D7C200093BED /* Frameworks */,
				40BFAB812465D7C200093BED /* Resources */,
				67E5AB32A2177D1147CB038B /* [CP] Embed Pods Frameworks */,
			);
			buildRules = (
			);
			dependencies = (
			);
			name = PasswordManager;
			productName = PasswordManager;
			productReference = 40BFAB832465D7C200093BED /* PasswordManager.app */;
			productType = "com.apple.product-type.application";
		};
/* End PBXNativeTarget section */

/* Begin PBXProject section */
		40BFAB7B2465D7C200093BED /* Project object */ = {
			isa = PBXProject;
			attributes = {
				LastSwiftUpdateCheck = 1140;
				LastUpgradeCheck = 1140;
				ORGANIZATIONNAME = "Vivienne Zing";
				TargetAttributes = {
					40BFAB822465D7C200093BED = {
						CreatedOnToolsVersion = 11.4;
					};
				};
			};
			buildConfigurationList = 40BFAB7E2465D7C200093BED /* Build configuration list for PBXProject "PasswordManager" */;
			compatibilityVersion = "Xcode 9.3";
			developmentRegion = en;
			hasScannedForEncodings = 0;
			knownRegions = (
				en,
				Base,
			);
			mainGroup = 40BFAB7A2465D7C200093BED;
			productRefGroup = 40BFAB842465D7C200093BED /* Products */;
			projectDirPath = "";
			projectRoot = "";
			targets = (
				40BFAB822465D7C200093BED /* PasswordManager */,
			);
		};
/* End PBXProject section */

/* Begin PBXResourcesBuildPhase section */
		40BFAB812465D7C200093BED /* Resources */ = {
			isa = PBXResourcesBuildPhase;
			buildActionMask = 2147483647;
			files = (
				40BFAB932465D7C400093BED /* LaunchScreen.storyboard in Resources */,
				40BFAB902465D7C400093BED /* Assets.xcassets in Resources */,
				0728FE9A2478659E009305D3 /* GoogleService-Info.plist in Resources */,
				40BFAB8E2465D7C200093BED /* Main.storyboard in Resources */,
				0728FE9624712995009305D3 /* RegisteredAccountsView.storyboard in Resources */,
			);
			runOnlyForDeploymentPostprocessing = 0;
		};
/* End PBXResourcesBuildPhase section */

/* Begin PBXShellScriptBuildPhase section */
		67E5AB32A2177D1147CB038B /* [CP] Embed Pods Frameworks */ = {
			isa = PBXShellScriptBuildPhase;
			buildActionMask = 2147483647;
			files = (
			);
			inputFileListPaths = (
				"${PODS_ROOT}/Target Support Files/Pods-PasswordManager/Pods-PasswordManager-frameworks-${CONFIGURATION}-input-files.xcfilelist",
			);
			name = "[CP] Embed Pods Frameworks";
			outputFileListPaths = (
				"${PODS_ROOT}/Target Support Files/Pods-PasswordManager/Pods-PasswordManager-frameworks-${CONFIGURATION}-output-files.xcfilelist",
			);
			runOnlyForDeploymentPostprocessing = 0;
			shellPath = /bin/sh;
			shellScript = "\"${PODS_ROOT}/Target Support Files/Pods-PasswordManager/Pods-PasswordManager-frameworks.sh\"\n";
			showEnvVarsInLog = 0;
		};
		74674D7045FD07F35476F880 /* [CP] Check Pods Manifest.lock */ = {
			isa = PBXShellScriptBuildPhase;
			buildActionMask = 2147483647;
			files = (
			);
			inputFileListPaths = (
			);
			inputPaths = (
				"${PODS_PODFILE_DIR_PATH}/Podfile.lock",
				"${PODS_ROOT}/Manifest.lock",
			);
			name = "[CP] Check Pods Manifest.lock";
			outputFileListPaths = (
			);
			outputPaths = (
				"$(DERIVED_FILE_DIR)/Pods-PasswordManager-checkManifestLockResult.txt",
			);
			runOnlyForDeploymentPostprocessing = 0;
			shellPath = /bin/sh;
			shellScript = "diff \"${PODS_PODFILE_DIR_PATH}/Podfile.lock\" \"${PODS_ROOT}/Manifest.lock\" > /dev/null\nif [ $? != 0 ] ; then\n    # print error to STDERR\n    echo \"error: The sandbox is not in sync with the Podfile.lock. Run 'pod install' or update your CocoaPods installation.\" >&2\n    exit 1\nfi\n# This output is used by Xcode 'outputs' to avoid re-running this script phase.\necho \"SUCCESS\" > \"${SCRIPT_OUTPUT_FILE_0}\"\n";
			showEnvVarsInLog = 0;
		};
/* End PBXShellScriptBuildPhase section */

/* Begin PBXSourcesBuildPhase section */
		40BFAB7F2465D7C200093BED /* Sources */ = {
			isa = PBXSourcesBuildPhase;
			buildActionMask = 2147483647;
			files = (
				40BFAB8B2465D7C200093BED /* ViewController.swift in Sources */,
				0728FE982471349B009305D3 /* RegisteredAccounts.swift in Sources */,
				40BFAB872465D7C200093BED /* AppDelegate.swift in Sources */,
				40BFAB892465D7C200093BED /* SceneDelegate.swift in Sources */,
			);
			runOnlyForDeploymentPostprocessing = 0;
		};
/* End PBXSourcesBuildPhase section */

/* Begin PBXVariantGroup section */
		40BFAB8C2465D7C200093BED /* Main.storyboard */ = {
			isa = PBXVariantGroup;
			children = (
				40BFAB8D2465D7C200093BED /* Base */,
			);
			name = Main.storyboard;
			sourceTree = "<group>";
		};
		40BFAB912465D7C400093BED /* LaunchScreen.storyboard */ = {
			isa = PBXVariantGroup;
			children = (
				40BFAB922465D7C400093BED /* Base */,
			);
			name = LaunchScreen.storyboard;
			sourceTree = "<group>";
		};
/* End PBXVariantGroup section */

/* Begin XCBuildConfiguration section */
		40BFAB952465D7C400093BED /* Debug */ = {
			isa = XCBuildConfiguration;
			buildSettings = {
				ALWAYS_SEARCH_USER_PATHS = NO;
				CLANG_ANALYZER_NONNULL = YES;
				CLANG_ANALYZER_NUMBER_OBJECT_CONVERSION = YES_AGGRESSIVE;
				CLANG_CXX_LANGUAGE_STANDARD = "gnu++14";
				CLANG_CXX_LIBRARY = "libc++";
				CLANG_ENABLE_MODULES = YES;
				CLANG_ENABLE_OBJC_ARC = YES;
				CLANG_ENABLE_OBJC_WEAK = YES;
				CLANG_WARN_BLOCK_CAPTURE_AUTORELEASING = YES;
				CLANG_WARN_BOOL_CONVERSION = YES;
				CLANG_WARN_COMMA = YES;
				CLANG_WARN_CONSTANT_CONVERSION = YES;
				CLANG_WARN_DEPRECATED_OBJC_IMPLEMENTATIONS = YES;
				CLANG_WARN_DIRECT_OBJC_ISA_USAGE = YES_ERROR;
				CLANG_WARN_DOCUMENTATION_COMMENTS = YES;
				CLANG_WARN_EMPTY_BODY = YES;
				CLANG_WARN_ENUM_CONVERSION = YES;
				CLANG_WARN_INFINITE_RECURSION = YES;
				CLANG_WARN_INT_CONVERSION = YES;
				CLANG_WARN_NON_LITERAL_NULL_CONVERSION = YES;
				CLANG_WARN_OBJC_IMPLICIT_RETAIN_SELF = YES;
				CLANG_WARN_OBJC_LITERAL_CONVERSION = YES;
				CLANG_WARN_OBJC_ROOT_CLASS = YES_ERROR;
				CLANG_WARN_RANGE_LOOP_ANALYSIS = YES;
				CLANG_WARN_STRICT_PROTOTYPES = YES;
				CLANG_WARN_SUSPICIOUS_MOVE = YES;
				CLANG_WARN_UNGUARDED_AVAILABILITY = YES_AGGRESSIVE;
				CLANG_WARN_UNREACHABLE_CODE = YES;
				CLANG_WARN__DUPLICATE_METHOD_MATCH = YES;
				COPY_PHASE_STRIP = NO;
				DEBUG_INFORMATION_FORMAT = dwarf;
				ENABLE_STRICT_OBJC_MSGSEND = YES;
				ENABLE_TESTABILITY = YES;
				GCC_C_LANGUAGE_STANDARD = gnu11;
				GCC_DYNAMIC_NO_PIC = NO;
				GCC_NO_COMMON_BLOCKS = YES;
				GCC_OPTIMIZATION_LEVEL = 0;
				GCC_PREPROCESSOR_DEFINITIONS = (
					"DEBUG=1",
					"$(inherited)",
				);
				GCC_WARN_64_TO_32_BIT_CONVERSION = YES;
				GCC_WARN_ABOUT_RETURN_TYPE = YES_ERROR;
				GCC_WARN_UNDECLARED_SELECTOR = YES;
				GCC_WARN_UNINITIALIZED_AUTOS = YES_AGGRESSIVE;
				GCC_WARN_UNUSED_FUNCTION = YES;
				GCC_WARN_UNUSED_VARIABLE = YES;
				IPHONEOS_DEPLOYMENT_TARGET = 13.4;
				MTL_ENABLE_DEBUG_INFO = INCLUDE_SOURCE;
				MTL_FAST_MATH = YES;
				ONLY_ACTIVE_ARCH = YES;
				SDKROOT = iphoneos;
				SWIFT_ACTIVE_COMPILATION_CONDITIONS = DEBUG;
				SWIFT_OPTIMIZATION_LEVEL = "-Onone";
			};
			name = Debug;
		};
		40BFAB962465D7C400093BED /* Release */ = {
			isa = XCBuildConfiguration;
			buildSettings = {
				ALWAYS_SEARCH_USER_PATHS = NO;
				CLANG_ANALYZER_NONNULL = YES;
				CLANG_ANALYZER_NUMBER_OBJECT_CONVERSION = YES_AGGRESSIVE;
				CLANG_CXX_LANGUAGE_STANDARD = "gnu++14";
				CLANG_CXX_LIBRARY = "libc++";
				CLANG_ENABLE_MODULES = YES;
				CLANG_ENABLE_OBJC_ARC = YES;
				CLANG_ENABLE_OBJC_WEAK = YES;
				CLANG_WARN_BLOCK_CAPTURE_AUTORELEASING = YES;
				CLANG_WARN_BOOL_CONVERSION = YES;
				CLANG_WARN_COMMA = YES;
				CLANG_WARN_CONSTANT_CONVERSION = YES;
				CLANG_WARN_DEPRECATED_OBJC_IMPLEMENTATIONS = YES;
				CLANG_WARN_DIRECT_OBJC_ISA_USAGE = YES_ERROR;
				CLANG_WARN_DOCUMENTATION_COMMENTS = YES;
				CLANG_WARN_EMPTY_BODY = YES;
				CLANG_WARN_ENUM_CONVERSION = YES;
				CLANG_WARN_INFINITE_RECURSION = YES;
				CLANG_WARN_INT_CONVERSION = YES;
				CLANG_WARN_NON_LITERAL_NULL_CONVERSION = YES;
				CLANG_WARN_OBJC_IMPLICIT_RETAIN_SELF = YES;
				CLANG_WARN_OBJC_LITERAL_CONVERSION = YES;
				CLANG_WARN_OBJC_ROOT_CLASS = YES_ERROR;
				CLANG_WARN_RANGE_LOOP_ANALYSIS = YES;
				CLANG_WARN_STRICT_PROTOTYPES = YES;
				CLANG_WARN_SUSPICIOUS_MOVE = YES;
				CLANG_WARN_UNGUARDED_AVAILABILITY = YES_AGGRESSIVE;
				CLANG_WARN_UNREACHABLE_CODE = YES;
				CLANG_WARN__DUPLICATE_METHOD_MATCH = YES;
				COPY_PHASE_STRIP = NO;
				DEBUG_INFORMATION_FORMAT = "dwarf-with-dsym";
				ENABLE_NS_ASSERTIONS = NO;
				ENABLE_STRICT_OBJC_MSGSEND = YES;
				GCC_C_LANGUAGE_STANDARD = gnu11;
				GCC_NO_COMMON_BLOCKS = YES;
				GCC_WARN_64_TO_32_BIT_CONVERSION = YES;
				GCC_WARN_ABOUT_RETURN_TYPE = YES_ERROR;
				GCC_WARN_UNDECLARED_SELECTOR = YES;
				GCC_WARN_UNINITIALIZED_AUTOS = YES_AGGRESSIVE;
				GCC_WARN_UNUSED_FUNCTION = YES;
				GCC_WARN_UNUSED_VARIABLE = YES;
				IPHONEOS_DEPLOYMENT_TARGET = 13.4;
				MTL_ENABLE_DEBUG_INFO = NO;
				MTL_FAST_MATH = YES;
				SDKROOT = iphoneos;
				SWIFT_COMPILATION_MODE = wholemodule;
				SWIFT_OPTIMIZATION_LEVEL = "-O";
				VALIDATE_PRODUCT = YES;
			};
			name = Release;
		};
		40BFAB982465D7C400093BED /* Debug */ = {
			isa = XCBuildConfiguration;
			baseConfigurationReference = 25B62593183B43C73DD85AD0 /* Pods-PasswordManager.debug.xcconfig */;
			buildSettings = {
				ASSETCATALOG_COMPILER_APPICON_NAME = AppIcon;
				CODE_SIGN_STYLE = Automatic;
				INFOPLIST_FILE = PasswordManager/Info.plist;
				IPHONEOS_DEPLOYMENT_TARGET = 13.0;
				LD_RUNPATH_SEARCH_PATHS = (
					"$(inherited)",
					"@executable_path/Frameworks",
				);
				PRODUCT_BUNDLE_IDENTIFIER = edu.ucdavis.cs.PasswordManager;
				PRODUCT_NAME = "$(TARGET_NAME)";
				SWIFT_VERSION = 5.0;
				TARGETED_DEVICE_FAMILY = "1,2";
			};
			name = Debug;
		};
		40BFAB992465D7C400093BED /* Release */ = {
			isa = XCBuildConfiguration;
			baseConfigurationReference = A1DBBC36F470F68E6488E371 /* Pods-PasswordManager.release.xcconfig */;
			buildSettings = {
				ASSETCATALOG_COMPILER_APPICON_NAME = AppIcon;
				CODE_SIGN_STYLE = Automatic;
				INFOPLIST_FILE = PasswordManager/Info.plist;
				IPHONEOS_DEPLOYMENT_TARGET = 13.0;
				LD_RUNPATH_SEARCH_PATHS = (
					"$(inherited)",
					"@executable_path/Frameworks",
				);
				PRODUCT_BUNDLE_IDENTIFIER = edu.ucdavis.cs.PasswordManager;
				PRODUCT_NAME = "$(TARGET_NAME)";
				SWIFT_VERSION = 5.0;
				TARGETED_DEVICE_FAMILY = "1,2";
			};
			name = Release;
		};
/* End XCBuildConfiguration section */

/* Begin XCConfigurationList section */
		40BFAB7E2465D7C200093BED /* Build configuration list for PBXProject "PasswordManager" */ = {
			isa = XCConfigurationList;
			buildConfigurations = (
				40BFAB952465D7C400093BED /* Debug */,
				40BFAB962465D7C400093BED /* Release */,
			);
			defaultConfigurationIsVisible = 0;
			defaultConfigurationName = Release;
		};
		40BFAB972465D7C400093BED /* Build configuration list for PBXNativeTarget "PasswordManager" */ = {
			isa = XCConfigurationList;
			buildConfigurations = (
				40BFAB982465D7C400093BED /* Debug */,
				40BFAB992465D7C400093BED /* Release */,
			);
			defaultConfigurationIsVisible = 0;
			defaultConfigurationName = Release;
		};
/* End XCConfigurationList section */
	};
	rootObject = 40BFAB7B2465D7C200093BED /* Project object */;
}
